
Microsoft Visual Studio Solution File, Format Version 12.00
Project("{FAE04EC0-301F-11D3-BF4B-00C04F79EFBC}") = "Application", "Application\Application\Application.csproj", "{7C0EB708-6A3B-45C1-AD8C-B74F93B340C8}"
EndProject
Project("{2150E333-8FDC-42A3-9474-1A3956D46DE8}") = "Modules", "Modules", "{4C4B052F-5592-4C93-B587-C1BADB4C3806}"
EndProject
Project("{2150E333-8FDC-42A3-9474-1A3956D46DE8}") = "Application", "Application", "{42A70CD3-B0D0-4CE5-9F27-25C60983E13D}"
EndProject
Project("{2150E333-8FDC-42A3-9474-1A3956D46DE8}") = "Patient", "Patient", "{F8996738-DA3D-437C-9A41-3640F031B231}"
EndProject
Project("{FAE04EC0-301F-11D3-BF4B-00C04F79EFBC}") = "Patient", "Modules\Patient\Patient.csproj", "{8F932DBD-F8FE-4A66-AFBA-54CA6E7BEED3}"
EndProject
Project("{FAE04EC0-301F-11D3-BF4B-00C04F79EFBC}") = "Patient.Core", "Modules\Patient.Core\Patient.Core.csproj", "{AB6BD5AB-9AA3-49A0-AE99-2E70A0180E0A}"
EndProject
Project("{FAE04EC0-301F-11D3-BF4B-00C04F79EFBC}") = "Patient.Infrastructure", "Modules\Patient.Infrastructure\Patient.Infrastructure.csproj", "{92D0C6EE-C957-43F5-99A7-EAE409D914C7}"
EndProject
Project("{2150E333-8FDC-42A3-9474-1A3956D46DE8}") = "Common", "Common", "{415E8FDE-7444-439C-8102-7B22703F9AD9}"
EndProject
Project("{FAE04EC0-301F-11D3-BF4B-00C04F79EFBC}") = "Common", "Common\Common\Common.csproj", "{F4A36CDC-60FF-48D6-B43A-036592E4EF92}"
EndProject
Project("{2150E333-8FDC-42A3-9474-1A3956D46DE8}") = "AuditLogs", "AuditLogs", "{EC89C948-709A-4CDE-B63A-0C1A95AA4ED1}"
EndProject
Project("{FAE04EC0-301F-11D3-BF4B-00C04F79EFBC}") = "AuditLogs", "AuditLogs\AuditLogs.csproj", "{051A0A73-361C-46D1-860D-58F35B63DC43}"
EndProject
Project("{FAE04EC0-301F-11D3-BF4B-00C04F79EFBC}") = "Patient.Tests", "Patient.Tests\Patient.Tests.csproj", "{BF8811E2-1BDE-4328-B69B-667951E202F2}"
EndProject
Project("{FAE04EC0-301F-11D3-BF4B-00C04F79EFBC}") = "AuditLogs.Infrastructure", "AuditLogs.Infrastructure\AuditLogs.Infrastructure.csproj", "{648D29DC-6763-47D2-AA96-00D8BCC22091}"
EndProject
Project("{FAE04EC0-301F-11D3-BF4B-00C04F79EFBC}") = "AuditLogs.Core", "AuditLogs.Core\AuditLogs.Core.csproj", "{CA49F3E6-0BC8-4294-9669-33FBDEC886DA}"
EndProject
Project("{FAE04EC0-301F-11D3-BF4B-00C04F79EFBC}") = "Patient.Contracts", "Patient.Contracts\Patient.Contracts.csproj", "{A3888BDF-285F-4382-8823-85B0C7BC3F1F}"
EndProject
Global
	GlobalSection(SolutionConfigurationPlatforms) = preSolution
		Debug|Any CPU = Debug|Any CPU
		Release|Any CPU = Release|Any CPU
	EndGlobalSection
	GlobalSection(ProjectConfigurationPlatforms) = postSolution
		{7C0EB708-6A3B-45C1-AD8C-B74F93B340C8}.Debug|Any CPU.ActiveCfg = Debug|Any CPU
		{7C0EB708-6A3B-45C1-AD8C-B74F93B340C8}.Debug|Any CPU.Build.0 = Debug|Any CPU
		{7C0EB708-6A3B-45C1-AD8C-B74F93B340C8}.Release|Any CPU.ActiveCfg = Release|Any CPU
		{7C0EB708-6A3B-45C1-AD8C-B74F93B340C8}.Release|Any CPU.Build.0 = Release|Any CPU
		{8F932DBD-F8FE-4A66-AFBA-54CA6E7BEED3}.Debug|Any CPU.ActiveCfg = Debug|Any CPU
		{8F932DBD-F8FE-4A66-AFBA-54CA6E7BEED3}.Debug|Any CPU.Build.0 = Debug|Any CPU
		{8F932DBD-F8FE-4A66-AFBA-54CA6E7BEED3}.Release|Any CPU.ActiveCfg = Release|Any CPU
		{8F932DBD-F8FE-4A66-AFBA-54CA6E7BEED3}.Release|Any CPU.Build.0 = Release|Any CPU
		{AB6BD5AB-9AA3-49A0-AE99-2E70A0180E0A}.Debug|Any CPU.ActiveCfg = Debug|Any CPU
		{AB6BD5AB-9AA3-49A0-AE99-2E70A0180E0A}.Debug|Any CPU.Build.0 = Debug|Any CPU
		{AB6BD5AB-9AA3-49A0-AE99-2E70A0180E0A}.Release|Any CPU.ActiveCfg = Release|Any CPU
		{AB6BD5AB-9AA3-49A0-AE99-2E70A0180E0A}.Release|Any CPU.Build.0 = Release|Any CPU
		{92D0C6EE-C957-43F5-99A7-EAE409D914C7}.Debug|Any CPU.ActiveCfg = Debug|Any CPU
		{92D0C6EE-C957-43F5-99A7-EAE409D914C7}.Debug|Any CPU.Build.0 = Debug|Any CPU
		{92D0C6EE-C957-43F5-99A7-EAE409D914C7}.Release|Any CPU.ActiveCfg = Release|Any CPU
		{92D0C6EE-C957-43F5-99A7-EAE409D914C7}.Release|Any CPU.Build.0 = Release|Any CPU
		{F4A36CDC-60FF-48D6-B43A-036592E4EF92}.Debug|Any CPU.ActiveCfg = Debug|Any CPU
		{F4A36CDC-60FF-48D6-B43A-036592E4EF92}.Debug|Any CPU.Build.0 = Debug|Any CPU
		{F4A36CDC-60FF-48D6-B43A-036592E4EF92}.Release|Any CPU.ActiveCfg = Release|Any CPU
		{F4A36CDC-60FF-48D6-B43A-036592E4EF92}.Release|Any CPU.Build.0 = Release|Any CPU
		{051A0A73-361C-46D1-860D-58F35B63DC43}.Debug|Any CPU.ActiveCfg = Debug|Any CPU
		{051A0A73-361C-46D1-860D-58F35B63DC43}.Debug|Any CPU.Build.0 = Debug|Any CPU
		{051A0A73-361C-46D1-860D-58F35B63DC43}.Release|Any CPU.ActiveCfg = Release|Any CPU
		{051A0A73-361C-46D1-860D-58F35B63DC43}.Release|Any CPU.Build.0 = Release|Any CPU
		{BF8811E2-1BDE-4328-B69B-667951E202F2}.Debug|Any CPU.ActiveCfg = Debug|Any CPU
		{BF8811E2-1BDE-4328-B69B-667951E202F2}.Debug|Any CPU.Build.0 = Debug|Any CPU
		{BF8811E2-1BDE-4328-B69B-667951E202F2}.Release|Any CPU.ActiveCfg = Release|Any CPU
		{BF8811E2-1BDE-4328-B69B-667951E202F2}.Release|Any CPU.Build.0 = Release|Any CPU
		{648D29DC-6763-47D2-AA96-00D8BCC22091}.Debug|Any CPU.ActiveCfg = Debug|Any CPU
		{648D29DC-6763-47D2-AA96-00D8BCC22091}.Debug|Any CPU.Build.0 = Debug|Any CPU
		{648D29DC-6763-47D2-AA96-00D8BCC22091}.Release|Any CPU.ActiveCfg = Release|Any CPU
		{648D29DC-6763-47D2-AA96-00D8BCC22091}.Release|Any CPU.Build.0 = Release|Any CPU
		{CA49F3E6-0BC8-4294-9669-33FBDEC886DA}.Debug|Any CPU.ActiveCfg = Debug|Any CPU
		{CA49F3E6-0BC8-4294-9669-33FBDEC886DA}.Debug|Any CPU.Build.0 = Debug|Any CPU
		{CA49F3E6-0BC8-4294-9669-33FBDEC886DA}.Release|Any CPU.ActiveCfg = Release|Any CPU
		{CA49F3E6-0BC8-4294-9669-33FBDEC886DA}.Release|Any CPU.Build.0 = Release|Any CPU
		{A3888BDF-285F-4382-8823-85B0C7BC3F1F}.Debug|Any CPU.ActiveCfg = Debug|Any CPU
		{A3888BDF-285F-4382-8823-85B0C7BC3F1F}.Debug|Any CPU.Build.0 = Debug|Any CPU
		{A3888BDF-285F-4382-8823-85B0C7BC3F1F}.Release|Any CPU.ActiveCfg = Release|Any CPU
		{A3888BDF-285F-4382-8823-85B0C7BC3F1F}.Release|Any CPU.Build.0 = Release|Any CPU
	EndGlobalSection
	GlobalSection(NestedProjects) = preSolution
		{7C0EB708-6A3B-45C1-AD8C-B74F93B340C8} = {42A70CD3-B0D0-4CE5-9F27-25C60983E13D}
		{F8996738-DA3D-437C-9A41-3640F031B231} = {4C4B052F-5592-4C93-B587-C1BADB4C3806}
		{8F932DBD-F8FE-4A66-AFBA-54CA6E7BEED3} = {F8996738-DA3D-437C-9A41-3640F031B231}
		{AB6BD5AB-9AA3-49A0-AE99-2E70A0180E0A} = {F8996738-DA3D-437C-9A41-3640F031B231}
		{92D0C6EE-C957-43F5-99A7-EAE409D914C7} = {F8996738-DA3D-437C-9A41-3640F031B231}
		{F4A36CDC-60FF-48D6-B43A-036592E4EF92} = {415E8FDE-7444-439C-8102-7B22703F9AD9}
		{EC89C948-709A-4CDE-B63A-0C1A95AA4ED1} = {4C4B052F-5592-4C93-B587-C1BADB4C3806}
		{051A0A73-361C-46D1-860D-58F35B63DC43} = {EC89C948-709A-4CDE-B63A-0C1A95AA4ED1}
		{BF8811E2-1BDE-4328-B69B-667951E202F2} = {F8996738-DA3D-437C-9A41-3640F031B231}
		{648D29DC-6763-47D2-AA96-00D8BCC22091} = {EC89C948-709A-4CDE-B63A-0C1A95AA4ED1}
		{CA49F3E6-0BC8-4294-9669-33FBDEC886DA} = {EC89C948-709A-4CDE-B63A-0C1A95AA4ED1}
		{A3888BDF-285F-4382-8823-85B0C7BC3F1F} = {F8996738-DA3D-437C-9A41-3640F031B231}
	EndGlobalSection
EndGlobal
